// !$*UTF8*$!
{
	archiveVersion = 1;
	classes = {
	};
	objectVersion = 46;
	objects = {

/* Begin PBXBuildFile section */
		16D59FD211CD904ABAB72B37 /* ofxButton.cpp in Sources */ = {isa = PBXBuildFile; fileRef = 8FC7DABD119E7E4031B1038A /* ofxButton.cpp */; };
		341F3C658013FCF32465E8A7 /* ofxSliderGroup.cpp in Sources */ = {isa = PBXBuildFile; fileRef = 950BBB4795E988DD62794343 /* ofxSliderGroup.cpp */; };
		3C154376083CEAFED939360C /* ofxGuiGroup.cpp in Sources */ = {isa = PBXBuildFile; fileRef = 5327C8C74FBA4354BB8BF7AF /* ofxGuiGroup.cpp */; };
		407BD48FBBDCD67884B82DE5 /* ofxBaseGui.cpp in Sources */ = {isa = PBXBuildFile; fileRef = 6ACA01CCF10BFB8B06FD1A48 /* ofxBaseGui.cpp */; };
		7864DA69118CF3351AD56EA8 /* ofxToggle.cpp in Sources */ = {isa = PBXBuildFile; fileRef = A1F6A5AC4098AF6E05E39F49 /* ofxToggle.cpp */; };
		85A87D5A0F038134E7A94EE2 /* ofxSlider.cpp in Sources */ = {isa = PBXBuildFile; fileRef = C2262D71E406B2C2A7A1EB18 /* ofxSlider.cpp */; };
		90DF60A71CD5B211002B5D39 /* CollageTexture.cpp in Sources */ = {isa = PBXBuildFile; fileRef = 90DF609F1CD5B211002B5D39 /* CollageTexture.cpp */; };
		90DF60A81CD5B211002B5D39 /* LinearTexture.cpp in Sources */ = {isa = PBXBuildFile; fileRef = 90DF60A11CD5B211002B5D39 /* LinearTexture.cpp */; };
		90DF60A91CD5B211002B5D39 /* ofxSpriteSheetRenderer.cpp in Sources */ = {isa = PBXBuildFile; fileRef = 90DF60A31CD5B211002B5D39 /* ofxSpriteSheetRenderer.cpp */; };
		90DF60AA1CD5B211002B5D39 /* PixelTexture.cpp in Sources */ = {isa = PBXBuildFile; fileRef = 90DF60A51CD5B211002B5D39 /* PixelTexture.cpp */; };
		CC7EC415352CD66DC2ABE513 /* ofxPanel.cpp in Sources */ = {isa = PBXBuildFile; fileRef = 3945442B8C633BBB809A11F9 /* ofxPanel.cpp */; };
		E4328149138ABC9F0047C5CB /* openFrameworksDebug.a in Frameworks */ = {isa = PBXBuildFile; fileRef = E4328148138ABC890047C5CB /* openFrameworksDebug.a */; };
		E4B69E200A3A1BDC003C02F2 /* main.cpp in Sources */ = {isa = PBXBuildFile; fileRef = E4B69E1D0A3A1BDC003C02F2 /* main.cpp */; };
		E4B69E210A3A1BDC003C02F2 /* ofApp.cpp in Sources */ = {isa = PBXBuildFile; fileRef = E4B69E1E0A3A1BDC003C02F2 /* ofApp.cpp */; };
		FCBE1488392832D146B6F0EA /* ofxLabel.cpp in Sources */ = {isa = PBXBuildFile; fileRef = BB00D724ACC23F833ED7E2A2 /* ofxLabel.cpp */; };
/* End PBXBuildFile section */

/* Begin PBXContainerItemProxy section */
		E4328147138ABC890047C5CB /* PBXContainerItemProxy */ = {
			isa = PBXContainerItemProxy;
			containerPortal = E4328143138ABC890047C5CB /* openFrameworksLib.xcodeproj */;
			proxyType = 2;
			remoteGlobalIDString = E4B27C1510CBEB8E00536013;
			remoteInfo = openFrameworks;
		};
		E4EEB9AB138B136A00A80321 /* PBXContainerItemProxy */ = {
			isa = PBXContainerItemProxy;
			containerPortal = E4328143138ABC890047C5CB /* openFrameworksLib.xcodeproj */;
			proxyType = 1;
			remoteGlobalIDString = E4B27C1410CBEB8E00536013;
			remoteInfo = openFrameworks;
		};
/* End PBXContainerItemProxy section */

/* Begin PBXCopyFilesBuildPhase section */
		E4C2427710CC5ABF004149E2 /* CopyFiles */ = {
			isa = PBXCopyFilesBuildPhase;
			buildActionMask = 2147483647;
			dstPath = "";
			dstSubfolderSpec = 10;
			files = (
			);
			runOnlyForDeploymentPostprocessing = 0;
		};
/* End PBXCopyFilesBuildPhase section */

/* Begin PBXFileReference section */
		09D153F5E67598551B3DF804 /* ofxBaseGui.h */ = {isa = PBXFileReference; explicitFileType = sourcecode.c.h; fileEncoding = 30; name = ofxBaseGui.h; path = ../../../../../../Applications/openFramework/addons/ofxGui/src/ofxBaseGui.h; sourceTree = SOURCE_ROOT; };
		14581BEFC8981AFED0A3AA4A /* ofxPanel.h */ = {isa = PBXFileReference; explicitFileType = sourcecode.c.h; fileEncoding = 30; name = ofxPanel.h; path = ../../../../../../Applications/openFramework/addons/ofxGui/src/ofxPanel.h; sourceTree = SOURCE_ROOT; };
		3024314704F57778EC8D434B /* ofxGui.h */ = {isa = PBXFileReference; explicitFileType = sourcecode.c.h; fileEncoding = 30; name = ofxGui.h; path = ../../../../../../Applications/openFramework/addons/ofxGui/src/ofxGui.h; sourceTree = SOURCE_ROOT; };
		3945442B8C633BBB809A11F9 /* ofxPanel.cpp */ = {isa = PBXFileReference; explicitFileType = sourcecode.cpp.cpp; fileEncoding = 30; name = ofxPanel.cpp; path = ../../../../../../Applications/openFramework/addons/ofxGui/src/ofxPanel.cpp; sourceTree = SOURCE_ROOT; };
		3FC5E3226C381C19B9F317D3 /* ofxSlider.h */ = {isa = PBXFileReference; explicitFileType = sourcecode.c.h; fileEncoding = 30; name = ofxSlider.h; path = ../../../../../../Applications/openFramework/addons/ofxGui/src/ofxSlider.h; sourceTree = SOURCE_ROOT; };
		5327C8C74FBA4354BB8BF7AF /* ofxGuiGroup.cpp */ = {isa = PBXFileReference; explicitFileType = sourcecode.cpp.cpp; fileEncoding = 30; name = ofxGuiGroup.cpp; path = ../../../../../../Applications/openFramework/addons/ofxGui/src/ofxGuiGroup.cpp; sourceTree = SOURCE_ROOT; };
		677C6E4CB2CA7CA24AD2DAEA /* ofxButton.h */ = {isa = PBXFileReference; explicitFileType = sourcecode.c.h; fileEncoding = 30; name = ofxButton.h; path = ../../../../../../Applications/openFramework/addons/ofxGui/src/ofxButton.h; sourceTree = SOURCE_ROOT; };
		6ACA01CCF10BFB8B06FD1A48 /* ofxBaseGui.cpp */ = {isa = PBXFileReference; explicitFileType = sourcecode.cpp.cpp; fileEncoding = 30; name = ofxBaseGui.cpp; path = ../../../../../../Applications/openFramework/addons/ofxGui/src/ofxBaseGui.cpp; sourceTree = SOURCE_ROOT; };
		71A066CB78705C07AE001D15 /* ofxSliderGroup.h */ = {isa = PBXFileReference; explicitFileType = sourcecode.c.h; fileEncoding = 30; name = ofxSliderGroup.h; path = ../../../../../../Applications/openFramework/addons/ofxGui/src/ofxSliderGroup.h; sourceTree = SOURCE_ROOT; };
		8FC7DABD119E7E4031B1038A /* ofxButton.cpp */ = {isa = PBXFileReference; explicitFileType = sourcecode.cpp.cpp; fileEncoding = 30; name = ofxButton.cpp; path = ../../../../../../Applications/openFramework/addons/ofxGui/src/ofxButton.cpp; sourceTree = SOURCE_ROOT; };
		90DF609F1CD5B211002B5D39 /* CollageTexture.cpp */ = {isa = PBXFileReference; fileEncoding = 4; lastKnownFileType = sourcecode.cpp.cpp; name = CollageTexture.cpp; path = "../../../../../Downloads/ofxSpriteSheetRenderer-master/src/CollageTexture.cpp"; sourceTree = "<group>"; };
		90DF60A01CD5B211002B5D39 /* CollageTexture.h */ = {isa = PBXFileReference; fileEncoding = 4; lastKnownFileType = sourcecode.c.h; name = CollageTexture.h; path = "../../../../../Downloads/ofxSpriteSheetRenderer-master/src/CollageTexture.h"; sourceTree = "<group>"; };
		90DF60A11CD5B211002B5D39 /* LinearTexture.cpp */ = {isa = PBXFileReference; fileEncoding = 4; lastKnownFileType = sourcecode.cpp.cpp; name = LinearTexture.cpp; path = "../../../../../Downloads/ofxSpriteSheetRenderer-master/src/LinearTexture.cpp"; sourceTree = "<group>"; };
		90DF60A21CD5B211002B5D39 /* LinearTexture.h */ = {isa = PBXFileReference; fileEncoding = 4; lastKnownFileType = sourcecode.c.h; name = LinearTexture.h; path = "../../../../../Downloads/ofxSpriteSheetRenderer-master/src/LinearTexture.h"; sourceTree = "<group>"; };
		90DF60A31CD5B211002B5D39 /* ofxSpriteSheetRenderer.cpp */ = {isa = PBXFileReference; fileEncoding = 4; lastKnownFileType = sourcecode.cpp.cpp; name = ofxSpriteSheetRenderer.cpp; path = "../../../../../Downloads/ofxSpriteSheetRenderer-master/src/ofxSpriteSheetRenderer.cpp"; sourceTree = "<group>"; };
		90DF60A41CD5B211002B5D39 /* ofxSpriteSheetRenderer.h */ = {isa = PBXFileReference; fileEncoding = 4; lastKnownFileType = sourcecode.c.h; name = ofxSpriteSheetRenderer.h; path = "../../../../../Downloads/ofxSpriteSheetRenderer-master/src/ofxSpriteSheetRenderer.h"; sourceTree = "<group>"; };
		90DF60A51CD5B211002B5D39 /* PixelTexture.cpp */ = {isa = PBXFileReference; fileEncoding = 4; lastKnownFileType = sourcecode.cpp.cpp; name = PixelTexture.cpp; path = "../../../../../Downloads/ofxSpriteSheetRenderer-master/src/PixelTexture.cpp"; sourceTree = "<group>"; };
		90DF60A61CD5B211002B5D39 /* PixelTexture.h */ = {isa = PBXFileReference; fileEncoding = 4; lastKnownFileType = sourcecode.c.h; name = PixelTexture.h; path = "../../../../../Downloads/ofxSpriteSheetRenderer-master/src/PixelTexture.h"; sourceTree = "<group>"; };
		950BBB4795E988DD62794343 /* ofxSliderGroup.cpp */ = {isa = PBXFileReference; explicitFileType = sourcecode.cpp.cpp; fileEncoding = 30; name = ofxSliderGroup.cpp; path = ../../../../../../Applications/openFramework/addons/ofxGui/src/ofxSliderGroup.cpp; sourceTree = SOURCE_ROOT; };
		9E35E5DD3C32B0CC3ED89E06 /* ofxGuiGroup.h */ = {isa = PBXFileReference; explicitFileType = sourcecode.c.h; fileEncoding = 30; name = ofxGuiGroup.h; path = ../../../../../../Applications/openFramework/addons/ofxGui/src/ofxGuiGroup.h; sourceTree = SOURCE_ROOT; };
		A1F6A5AC4098AF6E05E39F49 /* ofxToggle.cpp */ = {isa = PBXFileReference; explicitFileType = sourcecode.cpp.cpp; fileEncoding = 30; name = ofxToggle.cpp; path = ../../../../../../Applications/openFramework/addons/ofxGui/src/ofxToggle.cpp; sourceTree = SOURCE_ROOT; };
		BAD485B8F9FF4954B785B288 /* ofxToggle.h */ = {isa = PBXFileReference; explicitFileType = sourcecode.c.h; fileEncoding = 30; name = ofxToggle.h; path = ../../../../../../Applications/openFramework/addons/ofxGui/src/ofxToggle.h; sourceTree = SOURCE_ROOT; };
		BB00D724ACC23F833ED7E2A2 /* ofxLabel.cpp */ = {isa = PBXFileReference; explicitFileType = sourcecode.cpp.cpp; fileEncoding = 30; name = ofxLabel.cpp; path = ../../../../../../Applications/openFramework/addons/ofxGui/src/ofxLabel.cpp; sourceTree = SOURCE_ROOT; };
		C2262D71E406B2C2A7A1EB18 /* ofxSlider.cpp */ = {isa = PBXFileReference; explicitFileType = sourcecode.cpp.cpp; fileEncoding = 30; name = ofxSlider.cpp; path = ../../../../../../Applications/openFramework/addons/ofxGui/src/ofxSlider.cpp; sourceTree = SOURCE_ROOT; };
		DB07C5C268812C580C17E2B9 /* ofxLabel.h */ = {isa = PBXFileReference; explicitFileType = sourcecode.c.h; fileEncoding = 30; name = ofxLabel.h; path = ../../../../../../Applications/openFramework/addons/ofxGui/src/ofxLabel.h; sourceTree = SOURCE_ROOT; };
		E4328143138ABC890047C5CB /* openFrameworksLib.xcodeproj */ = {isa = PBXFileReference; lastKnownFileType = "wrapper.pb-project"; name = openFrameworksLib.xcodeproj; path = ../../../../../../Applications/openFramework/libs/openFrameworksCompiled/project/osx/openFrameworksLib.xcodeproj; sourceTree = SOURCE_ROOT; };
		E4B69B5B0A3A1756003C02F2 /* 2D Game -- Code FinalDebug.app */ = {isa = PBXFileReference; explicitFileType = wrapper.application; includeInIndex = 0; path = "2D Game -- Code FinalDebug.app"; sourceTree = BUILT_PRODUCTS_DIR; };
		E4B69E1D0A3A1BDC003C02F2 /* main.cpp */ = {isa = PBXFileReference; fileEncoding = 30; lastKnownFileType = sourcecode.cpp.cpp; name = main.cpp; path = src/main.cpp; sourceTree = SOURCE_ROOT; };
		E4B69E1E0A3A1BDC003C02F2 /* ofApp.cpp */ = {isa = PBXFileReference; explicitFileType = sourcecode.cpp.cpp; fileEncoding = 30; name = ofApp.cpp; path = src/ofApp.cpp; sourceTree = SOURCE_ROOT; };
		E4B69E1F0A3A1BDC003C02F2 /* ofApp.h */ = {isa = PBXFileReference; fileEncoding = 30; lastKnownFileType = sourcecode.c.h; name = ofApp.h; path = src/ofApp.h; sourceTree = SOURCE_ROOT; };
		E4B6FCAD0C3E899E008CF71C /* openFrameworks-Info.plist */ = {isa = PBXFileReference; fileEncoding = 30; lastKnownFileType = text.plist.xml; path = "openFrameworks-Info.plist"; sourceTree = "<group>"; };
		E4EB691F138AFCF100A09F29 /* CoreOF.xcconfig */ = {isa = PBXFileReference; fileEncoding = 4; lastKnownFileType = text.xcconfig; name = CoreOF.xcconfig; path = ../../../../../../Applications/openFramework/libs/openFrameworksCompiled/project/osx/CoreOF.xcconfig; sourceTree = SOURCE_ROOT; };
		E4EB6923138AFD0F00A09F29 /* Project.xcconfig */ = {isa = PBXFileReference; fileEncoding = 4; lastKnownFileType = text.xcconfig; path = Project.xcconfig; sourceTree = "<group>"; };
/* End PBXFileReference section */

/* Begin PBXFrameworksBuildPhase section */
		E4B69B590A3A1756003C02F2 /* Frameworks */ = {
			isa = PBXFrameworksBuildPhase;
			buildActionMask = 2147483647;
			files = (
				E4328149138ABC9F0047C5CB /* openFrameworksDebug.a in Frameworks */,
			);
			runOnlyForDeploymentPostprocessing = 0;
		};
/* End PBXFrameworksBuildPhase section */

/* Begin PBXGroup section */
		480A780D8D0308AE4A368801 /* ofxGui */ = {
			isa = PBXGroup;
			children = (
				A763ED608B35AE3310251DEE /* src */,
			);
			name = ofxGui;
			sourceTree = "<group>";
		};
		6948EE371B920CB800B5AC1A /* local_addons */ = {
			isa = PBXGroup;
			children = (
			);
			name = local_addons;
			sourceTree = "<group>";
		};
		90DF609E1CD5B1D1002B5D39 /* ofxSprite */ = {
			isa = PBXGroup;
			children = (
				90DF60A31CD5B211002B5D39 /* ofxSpriteSheetRenderer.cpp */,
				90DF60A41CD5B211002B5D39 /* ofxSpriteSheetRenderer.h */,
				90DF609F1CD5B211002B5D39 /* CollageTexture.cpp */,
				90DF60A01CD5B211002B5D39 /* CollageTexture.h */,
				90DF60A11CD5B211002B5D39 /* LinearTexture.cpp */,
				90DF60A21CD5B211002B5D39 /* LinearTexture.h */,
				90DF60A51CD5B211002B5D39 /* PixelTexture.cpp */,
				90DF60A61CD5B211002B5D39 /* PixelTexture.h */,
			);
			name = ofxSprite;
			sourceTree = "<group>";
		};
		A763ED608B35AE3310251DEE /* src */ = {
			isa = PBXGroup;
			children = (
				6ACA01CCF10BFB8B06FD1A48 /* ofxBaseGui.cpp */,
				09D153F5E67598551B3DF804 /* ofxBaseGui.h */,
				8FC7DABD119E7E4031B1038A /* ofxButton.cpp */,
				677C6E4CB2CA7CA24AD2DAEA /* ofxButton.h */,
				3024314704F57778EC8D434B /* ofxGui.h */,
				5327C8C74FBA4354BB8BF7AF /* ofxGuiGroup.cpp */,
				9E35E5DD3C32B0CC3ED89E06 /* ofxGuiGroup.h */,
				BB00D724ACC23F833ED7E2A2 /* ofxLabel.cpp */,
				DB07C5C268812C580C17E2B9 /* ofxLabel.h */,
				3945442B8C633BBB809A11F9 /* ofxPanel.cpp */,
				14581BEFC8981AFED0A3AA4A /* ofxPanel.h */,
				C2262D71E406B2C2A7A1EB18 /* ofxSlider.cpp */,
				3FC5E3226C381C19B9F317D3 /* ofxSlider.h */,
				950BBB4795E988DD62794343 /* ofxSliderGroup.cpp */,
				71A066CB78705C07AE001D15 /* ofxSliderGroup.h */,
				A1F6A5AC4098AF6E05E39F49 /* ofxToggle.cpp */,
				BAD485B8F9FF4954B785B288 /* ofxToggle.h */,
			);
			name = src;
			sourceTree = "<group>";
		};
		BB4B014C10F69532006C3DED /* addons */ = {
			isa = PBXGroup;
			children = (
				480A780D8D0308AE4A368801 /* ofxGui */,
			);
			name = addons;
			sourceTree = "<group>";
		};
		E4328144138ABC890047C5CB /* Products */ = {
			isa = PBXGroup;
			children = (
				E4328148138ABC890047C5CB /* openFrameworksDebug.a */,
			);
			name = Products;
			sourceTree = "<group>";
		};
		E4B69B4A0A3A1720003C02F2 = {
			isa = PBXGroup;
			children = (
				E4B6FCAD0C3E899E008CF71C /* openFrameworks-Info.plist */,
				E4EB6923138AFD0F00A09F29 /* Project.xcconfig */,
				E4B69E1C0A3A1BDC003C02F2 /* src */,
				E4EEC9E9138DF44700A80321 /* openFrameworks */,
				BB4B014C10F69532006C3DED /* addons */,
				6948EE371B920CB800B5AC1A /* local_addons */,
				E4B69B5B0A3A1756003C02F2 /* 2D Game -- Code FinalDebug.app */,
			);
			sourceTree = "<group>";
		};
		E4B69E1C0A3A1BDC003C02F2 /* src */ = {
			isa = PBXGroup;
			children = (
				E4B69E1D0A3A1BDC003C02F2 /* main.cpp */,
				E4B69E1E0A3A1BDC003C02F2 /* ofApp.cpp */,
				E4B69E1F0A3A1BDC003C02F2 /* ofApp.h */,
				90DF609E1CD5B1D1002B5D39 /* ofxSprite */,
			);
			path = src;
			sourceTree = SOURCE_ROOT;
		};
		E4EEC9E9138DF44700A80321 /* openFrameworks */ = {
			isa = PBXGroup;
			children = (
				E4EB691F138AFCF100A09F29 /* CoreOF.xcconfig */,
				E4328143138ABC890047C5CB /* openFrameworksLib.xcodeproj */,
			);
			name = openFrameworks;
			sourceTree = "<group>";
		};
/* End PBXGroup section */

/* Begin PBXNativeTarget section */
		E4B69B5A0A3A1756003C02F2 /* 2D Game -- Code Final */ = {
			isa = PBXNativeTarget;
			buildConfigurationList = E4B69B5F0A3A1757003C02F2 /* Build configuration list for PBXNativeTarget "2D Game -- Code Final" */;
			buildPhases = (
				E4B69B580A3A1756003C02F2 /* Sources */,
				E4B69B590A3A1756003C02F2 /* Frameworks */,
				E4B6FFFD0C3F9AB9008CF71C /* ShellScript */,
				E4C2427710CC5ABF004149E2 /* CopyFiles */,
			);
			buildRules = (
			);
			dependencies = (
				E4EEB9AC138B136A00A80321 /* PBXTargetDependency */,
			);
			name = "2D Game -- Code Final";
			productName = myOFApp;
			productReference = E4B69B5B0A3A1756003C02F2 /* 2D Game -- Code FinalDebug.app */;
			productType = "com.apple.product-type.application";
		};
/* End PBXNativeTarget section */

/* Begin PBXProject section */
		E4B69B4C0A3A1720003C02F2 /* Project object */ = {
			isa = PBXProject;
			attributes = {
				LastUpgradeCheck = 0730;
			};
			buildConfigurationList = E4B69B4D0A3A1720003C02F2 /* Build configuration list for PBXProject "2D Game -- Code Final" */;
			compatibilityVersion = "Xcode 3.2";
			developmentRegion = English;
			hasScannedForEncodings = 0;
			knownRegions = (
				English,
				Japanese,
				French,
				German,
			);
			mainGroup = E4B69B4A0A3A1720003C02F2;
			productRefGroup = E4B69B4A0A3A1720003C02F2;
			projectDirPath = "";
			projectReferences = (
				{
					ProductGroup = E4328144138ABC890047C5CB /* Products */;
					ProjectRef = E4328143138ABC890047C5CB /* openFrameworksLib.xcodeproj */;
				},
			);
			projectRoot = "";
			targets = (
				E4B69B5A0A3A1756003C02F2 /* 2D Game -- Code Final */,
			);
		};
/* End PBXProject section */

/* Begin PBXReferenceProxy section */
		E4328148138ABC890047C5CB /* openFrameworksDebug.a */ = {
			isa = PBXReferenceProxy;
			fileType = archive.ar;
			path = openFrameworksDebug.a;
			remoteRef = E4328147138ABC890047C5CB /* PBXContainerItemProxy */;
			sourceTree = BUILT_PRODUCTS_DIR;
		};
/* End PBXReferenceProxy section */

/* Begin PBXShellScriptBuildPhase section */
		E4B6FFFD0C3F9AB9008CF71C /* ShellScript */ = {
			isa = PBXShellScriptBuildPhase;
			buildActionMask = 2147483647;
			files = (
			);
			inputPaths = (
			);
			outputPaths = (
			);
			runOnlyForDeploymentPostprocessing = 0;
			shellPath = /bin/sh;
			shellScript = "rsync -aved ../../../../../../Applications/openFramework/libs/fmodex/lib/osx/libfmodex.dylib \"$TARGET_BUILD_DIR/$PRODUCT_NAME.app/Contents/MacOS/\"; install_name_tool -change ./libfmodex.dylib @executable_path/libfmodex.dylib \"$TARGET_BUILD_DIR/$PRODUCT_NAME.app/Contents/MacOS/$PRODUCT_NAME\";\nmkdir -p \"$TARGET_BUILD_DIR/$PRODUCT_NAME.app/Contents/Resources/\"\nrsync -aved \"$ICON_FILE\" \"$TARGET_BUILD_DIR/$PRODUCT_NAME.app/Contents/Resources/\"\nrsync -aved ../../../../../../Applications/openFramework/libs/glut/lib/osx/GLUT.framework \"$TARGET_BUILD_DIR/$PRODUCT_NAME.app/Contents/Frameworks/\"\n";
		};
/* End PBXShellScriptBuildPhase section */

/* Begin PBXSourcesBuildPhase section */
		E4B69B580A3A1756003C02F2 /* Sources */ = {
			isa = PBXSourcesBuildPhase;
			buildActionMask = 2147483647;
			files = (
				E4B69E200A3A1BDC003C02F2 /* main.cpp in Sources */,
				E4B69E210A3A1BDC003C02F2 /* ofApp.cpp in Sources */,
				407BD48FBBDCD67884B82DE5 /* ofxBaseGui.cpp in Sources */,
				16D59FD211CD904ABAB72B37 /* ofxButton.cpp in Sources */,
				3C154376083CEAFED939360C /* ofxGuiGroup.cpp in Sources */,
				FCBE1488392832D146B6F0EA /* ofxLabel.cpp in Sources */,
				90DF60A81CD5B211002B5D39 /* LinearTexture.cpp in Sources */,
				CC7EC415352CD66DC2ABE513 /* ofxPanel.cpp in Sources */,
				85A87D5A0F038134E7A94EE2 /* ofxSlider.cpp in Sources */,
				341F3C658013FCF32465E8A7 /* ofxSliderGroup.cpp in Sources */,
				90DF60AA1CD5B211002B5D39 /* PixelTexture.cpp in Sources */,
				90DF60A91CD5B211002B5D39 /* ofxSpriteSheetRenderer.cpp in Sources */,
				7864DA69118CF3351AD56EA8 /* ofxToggle.cpp in Sources */,
				90DF60A71CD5B211002B5D39 /* CollageTexture.cpp in Sources */,
			);
			runOnlyForDeploymentPostprocessing = 0;
		};
/* End PBXSourcesBuildPhase section */

/* Begin PBXTargetDependency section */
		E4EEB9AC138B136A00A80321 /* PBXTargetDependency */ = {
			isa = PBXTargetDependency;
			name = openFrameworks;
			targetProxy = E4EEB9AB138B136A00A80321 /* PBXContainerItemProxy */;
		};
/* End PBXTargetDependency section */

/* Begin XCBuildConfiguration section */
		E4B69B4E0A3A1720003C02F2 /* Debug */ = {
			isa = XCBuildConfiguration;
			baseConfigurationReference = E4EB6923138AFD0F00A09F29 /* Project.xcconfig */;
			buildSettings = {
				CONFIGURATION_BUILD_DIR = "$(SRCROOT)/bin/";
				COPY_PHASE_STRIP = NO;
				DEAD_CODE_STRIPPING = YES;
				ENABLE_TESTABILITY = YES;
				GCC_AUTO_VECTORIZATION = YES;
				GCC_ENABLE_SSE3_EXTENSIONS = YES;
				GCC_ENABLE_SUPPLEMENTAL_SSE3_INSTRUCTIONS = YES;
				GCC_INLINES_ARE_PRIVATE_EXTERN = NO;
				GCC_OPTIMIZATION_LEVEL = 0;
				GCC_SYMBOLS_PRIVATE_EXTERN = NO;
				GCC_WARN_ABOUT_DEPRECATED_FUNCTIONS = YES;
				GCC_WARN_ABOUT_INVALID_OFFSETOF_MACRO = NO;
				GCC_WARN_ALLOW_INCOMPLETE_PROTOCOL = NO;
				GCC_WARN_UNINITIALIZED_AUTOS = NO;
				GCC_WARN_UNUSED_VALUE = NO;
				GCC_WARN_UNUSED_VARIABLE = NO;
				HEADER_SEARCH_PATHS = (
					"$(OF_CORE_HEADERS)",
					../../../../../../Applications/openFramework/addons/ofxGui/src,
				);
				MACOSX_DEPLOYMENT_TARGET = 10.8;
				ONLY_ACTIVE_ARCH = YES;
				OTHER_CPLUSPLUSFLAGS = (
					"-D__MACOSX_CORE__",
					"-mtune=native",
				);
				SDKROOT = macosx;
			};
			name = Debug;
		};
		E4B69B4F0A3A1720003C02F2 /* Release */ = {
			isa = XCBuildConfiguration;
			baseConfigurationReference = E4EB6923138AFD0F00A09F29 /* Project.xcconfig */;
			buildSettings = {
				CONFIGURATION_BUILD_DIR = "$(SRCROOT)/bin/";
				COPY_PHASE_STRIP = YES;
				DEAD_CODE_STRIPPING = YES;
				GCC_AUTO_VECTORIZATION = YES;
				GCC_ENABLE_SSE3_EXTENSIONS = YES;
				GCC_ENABLE_SUPPLEMENTAL_SSE3_INSTRUCTIONS = YES;
				GCC_INLINES_ARE_PRIVATE_EXTERN = NO;
				GCC_OPTIMIZATION_LEVEL = 3;
				GCC_SYMBOLS_PRIVATE_EXTERN = NO;
				GCC_UNROLL_LOOPS = YES;
				GCC_WARN_ABOUT_DEPRECATED_FUNCTIONS = YES;
				GCC_WARN_ABOUT_INVALID_OFFSETOF_MACRO = NO;
				GCC_WARN_ALLOW_INCOMPLETE_PROTOCOL = NO;
				GCC_WARN_UNINITIALIZED_AUTOS = NO;
				GCC_WARN_UNUSED_VALUE = NO;
				GCC_WARN_UNUSED_VARIABLE = NO;
				HEADER_SEARCH_PATHS = (
					"$(OF_CORE_HEADERS)",
					../../../../../../Applications/openFramework/addons/ofxGui/src,
				);
				MACOSX_DEPLOYMENT_TARGET = 10.8;
				OTHER_CPLUSPLUSFLAGS = (
					"-D__MACOSX_CORE__",
					"-mtune=native",
				);
				SDKROOT = macosx;
			};
			name = Release;
		};
		E4B69B600A3A1757003C02F2 /* Debug */ = {
			isa = XCBuildConfiguration;
			baseConfigurationReference = E4EB6923138AFD0F00A09F29 /* Project.xcconfig */;
			buildSettings = {
				COMBINE_HIDPI_IMAGES = YES;
				COPY_PHASE_STRIP = NO;
				FRAMEWORK_SEARCH_PATHS = (
					"$(inherited)",
					"$(FRAMEWORK_SEARCH_PATHS_QUOTED_FOR_TARGET_1)",
				);
				FRAMEWORK_SEARCH_PATHS_QUOTED_FOR_TARGET_1 = "\"$(SRCROOT)/../../../../../../Applications/openFramework/libs/glut/lib/osx\"";
				GCC_DYNAMIC_NO_PIC = NO;
				GCC_GENERATE_DEBUGGING_SYMBOLS = YES;
				GCC_MODEL_TUNING = NONE;
				HEADER_SEARCH_PATHS = (
					"$(OF_CORE_HEADERS)",
					../../../../../../Applications/openFramework/addons/ofxGui/src,
				);
				ICON = "$(ICON_NAME_DEBUG)";
				ICON_FILE = "$(ICON_FILE_PATH)$(ICON)";
				INFOPLIST_FILE = "openFrameworks-Info.plist";
				INSTALL_PATH = "$(HOME)/Applications";
				LIBRARY_SEARCH_PATHS = "$(inherited)";
				PRODUCT_BUNDLE_IDENTIFIER = cc.openFrameworks.ofapp;
				PRODUCT_NAME = "$(TARGET_NAME)Debug";
				WRAPPER_EXTENSION = app;
			};
			name = Debug;
		};
		E4B69B610A3A1757003C02F2 /* Release */ = {
			isa = XCBuildConfiguration;
			baseConfigurationReference = E4EB6923138AFD0F00A09F29 /* Project.xcconfig */;
			buildSettings = {
				COMBINE_HIDPI_IMAGES = YES;
				COPY_PHASE_STRIP = YES;
				FRAMEWORK_SEARCH_PATHS = (
					"$(inherited)",
					"$(FRAMEWORK_SEARCH_PATHS_QUOTED_FOR_TARGET_1)",
				);
				FRAMEWORK_SEARCH_PATHS_QUOTED_FOR_TARGET_1 = "\"$(SRCROOT)/../../../../../../Applications/openFramework/libs/glut/lib/osx\"";
				GCC_GENERATE_DEBUGGING_SYMBOLS = YES;
				GCC_MODEL_TUNING = NONE;
				HEADER_SEARCH_PATHS = (
					"$(OF_CORE_HEADERS)",
					../../../../../../Applications/openFramework/addons/ofxGui/src,
				);
				ICON = "$(ICON_NAME_RELEASE)";
				ICON_FILE = "$(ICON_FILE_PATH)$(ICON)";
				INFOPLIST_FILE = "openFrameworks-Info.plist";
				INSTALL_PATH = "$(HOME)/Applications";
				LIBRARY_SEARCH_PATHS = "$(inherited)";
				PRODUCT_BUNDLE_IDENTIFIER = cc.openFrameworks.ofapp;
				PRODUCT_NAME = "$(TARGET_NAME)";
				WRAPPER_EXTENSION = app;
				baseConfigurationReference = E4EB6923138AFD0F00A09F29;
			};
			name = Release;
		};
/* End XCBuildConfiguration section */

/* Begin XCConfigurationList section */
		E4B69B4D0A3A1720003C02F2 /* Build configuration list for PBXProject "2D Game -- Code Final" */ = {
			isa = XCConfigurationList;
			buildConfigurations = (
				E4B69B4E0A3A1720003C02F2 /* Debug */,
				E4B69B4F0A3A1720003C02F2 /* Release */,
			);
			defaultConfigurationIsVisible = 0;
			defaultConfigurationName = Release;
		};
		E4B69B5F0A3A1757003C02F2 /* Build configuration list for PBXNativeTarget "2D Game -- Code Final" */ = {
			isa = XCConfigurationList;
			buildConfigurations = (
				E4B69B600A3A1757003C02F2 /* Debug */,
				E4B69B610A3A1757003C02F2 /* Release */,
			);
			defaultConfigurationIsVisible = 0;
			defaultConfigurationName = Release;
		};
/* End XCConfigurationList section */
	};
	rootObject = E4B69B4C0A3A1720003C02F2 /* Project object */;
}
